
Microsoft Visual Studio Solution File, Format Version 12.00
# Visual Studio Version 17
VisualStudioVersion = 17.13.35828.75 d17.13
MinimumVisualStudioVersion = 10.0.40219.1
Project("{FAE04EC0-301F-11D3-BF4B-00C04F79EFBC}") = "ControlInventarioMVC", "ControlInventarioMVC\ControlInventarioMVC.csproj", "{64C4DDE8-0EB3-497F-A260-1F876CC15356}"
EndProject
Global
	GlobalSection(SolutionConfigurationPlatforms) = preSolution
		Debug|Any CPU = Debug|Any CPU
		Release|Any CPU = Release|Any CPU
	EndGlobalSection
	GlobalSection(ProjectConfigurationPlatforms) = postSolution
		{64C4DDE8-0EB3-497F-A260-1F876CC15356}.Debug|Any CPU.ActiveCfg = Debug|Any CPU
		{64C4DDE8-0EB3-497F-A260-1F876CC15356}.Debug|Any CPU.Build.0 = Debug|Any CPU
		{64C4DDE8-0EB3-497F-A260-1F876CC15356}.Release|Any CPU.ActiveCfg = Release|Any CPU
		{64C4DDE8-0EB3-497F-A260-1F876CC15356}.Release|Any CPU.Build.0 = Release|Any CPU
	EndGlobalSection
	GlobalSection(SolutionProperties) = preSolution
		HideSolutionNode = FALSE
	EndGlobalSection
	GlobalSection(ExtensibilityGlobals) = postSolution
		SolutionGuid = {C9107A3A-8149-4708-AFE0-C943C6835BD1}
	EndGlobalSection
EndGlobal
